
Microsoft Visual Studio Solution File, Format Version 12.00
# Visual Studio Version 16
VisualStudioVersion = 16.0.30204.135
MinimumVisualStudioVersion = 10.0.40219.1
Project("{FAE04EC0-301F-11D3-BF4B-00C04F79EFBC}") = "Emp_Management", "Emp_Management.csproj", "{39945DF1-99F4-4264-8DC7-026FCF175BEB}"
EndProject
Project("{FAE04EC0-301F-11D3-BF4B-00C04F79EFBC}") = "Model", "..\Model\Model.csproj", "{D02DB9FF-AED2-4701-8026-966C5BA5EB10}"
EndProject
Global
	GlobalSection(SolutionConfigurationPlatforms) = preSolution
		Debug|Any CPU = Debug|Any CPU
		Release|Any CPU = Release|Any CPU
	EndGlobalSection
	GlobalSection(ProjectConfigurationPlatforms) = postSolution
		{39945DF1-99F4-4264-8DC7-026FCF175BEB}.Debug|Any CPU.ActiveCfg = Debug|Any CPU
		{39945DF1-99F4-4264-8DC7-026FCF175BEB}.Debug|Any CPU.Build.0 = Debug|Any CPU
		{39945DF1-99F4-4264-8DC7-026FCF175BEB}.Release|Any CPU.ActiveCfg = Release|Any CPU
		{39945DF1-99F4-4264-8DC7-026FCF175BEB}.Release|Any CPU.Build.0 = Release|Any CPU
		{D02DB9FF-AED2-4701-8026-966C5BA5EB10}.Debug|Any CPU.ActiveCfg = Debug|Any CPU
		{D02DB9FF-AED2-4701-8026-966C5BA5EB10}.Debug|Any CPU.Build.0 = Debug|Any CPU
		{D02DB9FF-AED2-4701-8026-966C5BA5EB10}.Release|Any CPU.ActiveCfg = Release|Any CPU
		{D02DB9FF-AED2-4701-8026-966C5BA5EB10}.Release|Any CPU.Build.0 = Release|Any CPU
	EndGlobalSection
	GlobalSection(SolutionProperties) = preSolution
		HideSolutionNode = FALSE
	EndGlobalSection
	GlobalSection(ExtensibilityGlobals) = postSolution
		SolutionGuid = {C44FEEC7-F05F-4719-8D4A-1B9453604A8E}
	EndGlobalSection
EndGlobal
